
Microsoft Visual Studio Solution File, Format Version 12.00
# Visual Studio Version 16
VisualStudioVersion = 16.0.32002.261
MinimumVisualStudioVersion = 10.0.40219.1
Project("{FAE04EC0-301F-11D3-BF4B-00C04F79EFBC}") = "eShopSolution", "eShopSolution\eShopSolution.csproj", "{808F7B3A-FAA1-43BD-B2F6-705B753DEBCA}"
EndProject
Global
	GlobalSection(SolutionConfigurationPlatforms) = preSolution
		Debug|Any CPU = Debug|Any CPU
		Release|Any CPU = Release|Any CPU
	EndGlobalSection
	GlobalSection(ProjectConfigurationPlatforms) = postSolution
		{808F7B3A-FAA1-43BD-B2F6-705B753DEBCA}.Debug|Any CPU.ActiveCfg = Debug|Any CPU
		{808F7B3A-FAA1-43BD-B2F6-705B753DEBCA}.Debug|Any CPU.Build.0 = Debug|Any CPU
		{808F7B3A-FAA1-43BD-B2F6-705B753DEBCA}.Release|Any CPU.ActiveCfg = Release|Any CPU
		{808F7B3A-FAA1-43BD-B2F6-705B753DEBCA}.Release|Any CPU.Build.0 = Release|Any CPU
	EndGlobalSection
	GlobalSection(SolutionProperties) = preSolution
		HideSolutionNode = FALSE
	EndGlobalSection
	GlobalSection(ExtensibilityGlobals) = postSolution
		SolutionGuid = {537CC69C-89C7-423E-96E1-1B4696915FAE}
	EndGlobalSection
EndGlobal
